
Microsoft Visual Studio Solution File, Format Version 12.00
# Visual Studio Version 16
VisualStudioVersion = 16.0.31205.134
MinimumVisualStudioVersion = 10.0.40219.1
Project("{FAE04EC0-301F-11D3-BF4B-00C04F79EFBC}") = "Banking", "Banking\Banking.csproj", "{6E218D0D-95E7-4A44-9A90-59051DC1DB08}"
EndProject
Project("{FAE04EC0-301F-11D3-BF4B-00C04F79EFBC}") = "Banking.Tests", "Banking.Tests\Banking.Tests.csproj", "{1310C3E3-9949-40B9-8E37-AEA34F3D7265}"
EndProject
Global
	GlobalSection(SolutionConfigurationPlatforms) = preSolution
		Debug|Any CPU = Debug|Any CPU
		Release|Any CPU = Release|Any CPU
	EndGlobalSection
	GlobalSection(ProjectConfigurationPlatforms) = postSolution
		{6E218D0D-95E7-4A44-9A90-59051DC1DB08}.Debug|Any CPU.ActiveCfg = Debug|Any CPU
		{6E218D0D-95E7-4A44-9A90-59051DC1DB08}.Debug|Any CPU.Build.0 = Debug|Any CPU
		{6E218D0D-95E7-4A44-9A90-59051DC1DB08}.Release|Any CPU.ActiveCfg = Release|Any CPU
		{6E218D0D-95E7-4A44-9A90-59051DC1DB08}.Release|Any CPU.Build.0 = Release|Any CPU
		{1310C3E3-9949-40B9-8E37-AEA34F3D7265}.Debug|Any CPU.ActiveCfg = Debug|Any CPU
		{1310C3E3-9949-40B9-8E37-AEA34F3D7265}.Debug|Any CPU.Build.0 = Debug|Any CPU
		{1310C3E3-9949-40B9-8E37-AEA34F3D7265}.Release|Any CPU.ActiveCfg = Release|Any CPU
		{1310C3E3-9949-40B9-8E37-AEA34F3D7265}.Release|Any CPU.Build.0 = Release|Any CPU
	EndGlobalSection
	GlobalSection(SolutionProperties) = preSolution
		HideSolutionNode = FALSE
	EndGlobalSection
	GlobalSection(ExtensibilityGlobals) = postSolution
		SolutionGuid = {A6B470F6-2D58-4825-9E60-4B52F872A9FE}
	EndGlobalSection
EndGlobal
